
Microsoft Visual Studio Solution File, Format Version 12.00
# Visual Studio Version 17
VisualStudioVersion = 17.3.32901.215
MinimumVisualStudioVersion = 10.0.40219.1
Project("{FAE04EC0-301F-11D3-BF4B-00C04F79EFBC}") = "L12 MARH 1077822", "L12 MARH 1077822.csproj", "{969C1488-73AA-43B8-8FD0-C100079F9D95}"
EndProject
Global
	GlobalSection(SolutionConfigurationPlatforms) = preSolution
		Debug|Any CPU = Debug|Any CPU
		Release|Any CPU = Release|Any CPU
	EndGlobalSection
	GlobalSection(ProjectConfigurationPlatforms) = postSolution
		{969C1488-73AA-43B8-8FD0-C100079F9D95}.Debug|Any CPU.ActiveCfg = Debug|Any CPU
		{969C1488-73AA-43B8-8FD0-C100079F9D95}.Debug|Any CPU.Build.0 = Debug|Any CPU
		{969C1488-73AA-43B8-8FD0-C100079F9D95}.Release|Any CPU.ActiveCfg = Release|Any CPU
		{969C1488-73AA-43B8-8FD0-C100079F9D95}.Release|Any CPU.Build.0 = Release|Any CPU
	EndGlobalSection
	GlobalSection(SolutionProperties) = preSolution
		HideSolutionNode = FALSE
	EndGlobalSection
	GlobalSection(ExtensibilityGlobals) = postSolution
		SolutionGuid = {7083711A-BF13-48BE-8CEF-1523F9852427}
	EndGlobalSection
EndGlobal
